github.com/RangelReale/osin v1.0.1 h1:JcqBe8ljQq9WQJPtioXGxBWyIcfuVMw0BX6yJ9E4HKw=
github.com/RangelReale/osin v1.0.1/go.mod h1:k/PH1SjZDitJDtK3zHm/XZRi+bRz6i3rhx9qE9p54CY=
github.com/ansel1/merry v1.4.0 h1:hhJBd/yX3e/19dNGidzmXknhGvwxA1Mdqb1ahxWGrqw=
github.com/ansel1/merry v1.4.0/go.mod h1:CT2IQ91a69qsE+Cp9yKPLU2ayNzsWbZG/X/6X5eBDs0=
github.com/davecgh/go-spew v1.1.0/go.mod h1:J7Y8YcW2NihsgmVo/mv3lAwl/skON4iLHjSsI+c5H38=
github.com/davecgh/go-spew v1.1.1 h1:vj9j/u1bqnvCEfJOwUhtlOARqs3+rkHYY13jYWTU97c=
github.com/davecgh/go-spew v1.1.1/go.mod h1:J7Y8YcW2NihsgmVo/mv3lAwl/skON4iLHjSsI+c5H38=
github.com/felipeweb/gopher-utils v0.0.0-20161101033030-05a00fc86ef5 h1:rHRTEpICdG2XGZBfoe+k5isCUWtMukTltCJCQmnBwW4=
github.com/felipeweb/gopher-utils v0.0.0-20161101033030-05a00fc86ef5/go.mod h1:pfIA0DnVib+mbItwSs3yb9Ck1BGpiaBfqzVkVTFevG8=
github.com/felipeweb/osin-mysql v0.0.0-20170620113854-269603eb06cf h1:hHEmQVsDJ0xV+VbtLiheYcJM/E+Ej11fd7c0jisqhpc=
github.com/felipeweb/osin-mysql v0.0.0-20170620113854-269603eb06cf/go.mod h1:3VP9CJQjBxJhiuufdgOX5MG9inXLaeoaqV2IMC1TnEU=
github.com/go-sql-driver/mysql v1.4.1 h1:g24URVg0OFbNUTx9qqY1IRZ9D9z3iPyi5zKhQZpNwpA=
github.com/go-sql-driver/mysql v1.4.1/go.mod h1:zAC/RDZ24gD3HViQzih4MyKcchzm+sOG5ZlKdlhCg5w=
github.com/google/uuid v1.0.0 h1:b4Gk+7WdP/d3HZH8EJsZpvV7EtDOgaZLtnaNGIu1adA=
github.com/google/uuid v1.0.0/go.mod h1:TIyPZe4MgqvfeYDBFedMoGGpEw/LqOeaOT+nhxU+yHo=
github.com/pborman/uuid v1.2.0 h1:J7Q5mO4ysT1dv8hyrUGHb9+ooztCXu1D8MY8DZYsu3g=
github.com/pborman/uuid v1.2.0/go.mod h1:X/NO0urCmaxf9VXbdlT7C2Yzkj2IKimNn4k+gtPdI/k=
github.com/pmezard/go-difflib v1.0.0 h1:4DBwDE0NGyQoBHbLQYPwSUPoCMWR5BEzIk/f1lZbAQM=
github.com/pmezard/go-difflib v1.0.0/go.mod h1:iKH77koFhYxTK1pcRnkKkqfTogsbg7gZNVY4sRDYZ/4=
github.com/stretchr/objx v0.1.0/go.mod h1:HFkY916IF+rwdDfMAkV7OtwuqBVzrE8GR6GFx+wExME=
github.com/stretchr/testify v1.2.2/go.mod h1:a8OnRcib4nhh0OaRAV+Yts87kKdq0PP7pXfy6kDkUVs=
github.com/stretchr/testify v1.3.0 h1:TivCn/peBQ7UY8ooIcPgZFpTNSz0Q2U6UrFlUfqbe0Q=
github.com/stretchr/testify v1.3.0/go.mod h1:M5WIy9Dh21IEIfnGCwXGc5bZfKNJtfHm1UVUgZn+9EI=
